
Microsoft Visual Studio Solution File, Format Version 12.00
# Visual Studio Version 17
VisualStudioVersion = 17.11.35327.3
MinimumVisualStudioVersion = 10.0.40219.1
Project("{FAE04EC0-301F-11D3-BF4B-00C04F79EFBC}") = "Todolist", "Todolist.csproj", "{89FB85EE-A446-4880-B918-1B60FCB1264F}"
EndProject
Global
	GlobalSection(SolutionConfigurationPlatforms) = preSolution
		Debug|Any CPU = Debug|Any CPU
		Release|Any CPU = Release|Any CPU
	EndGlobalSection
	GlobalSection(ProjectConfigurationPlatforms) = postSolution
		{89FB85EE-A446-4880-B918-1B60FCB1264F}.Debug|Any CPU.ActiveCfg = Debug|Any CPU
		{89FB85EE-A446-4880-B918-1B60FCB1264F}.Debug|Any CPU.Build.0 = Debug|Any CPU
		{89FB85EE-A446-4880-B918-1B60FCB1264F}.Release|Any CPU.ActiveCfg = Release|Any CPU
		{89FB85EE-A446-4880-B918-1B60FCB1264F}.Release|Any CPU.Build.0 = Release|Any CPU
	EndGlobalSection
	GlobalSection(SolutionProperties) = preSolution
		HideSolutionNode = FALSE
	EndGlobalSection
	GlobalSection(ExtensibilityGlobals) = postSolution
		SolutionGuid = {2DF18220-B8F9-4F3A-ABCC-F16A1C93ADA0}
	EndGlobalSection
EndGlobal
